
Microsoft Visual Studio Solution File, Format Version 12.00
# Visual Studio 15
VisualStudioVersion = 15.0.28010.2016
MinimumVisualStudioVersion = 10.0.40219.1
Project("{9A19103F-16F7-4668-BE54-9A1E7A4F7556}") = "HelloWorld.Core.Api", "HelloWorld.Core.Api\HelloWorld.Core.Api.csproj", "{6D808C33-0198-463A-B5E2-BF81BF9E0C70}"
EndProject
Project("{2150E333-8FDC-42A3-9474-1A3956D46DE8}") = "src", "src", "{1DAACA0E-70FE-4F41-9506-9F6AD80B10E6}"
EndProject
Project("{2150E333-8FDC-42A3-9474-1A3956D46DE8}") = "tests", "tests", "{F52B36C3-3E8D-4827-B9F9-04F7E7BD3995}"
EndProject
Project("{2150E333-8FDC-42A3-9474-1A3956D46DE8}") = "1 - Presentation", "1 - Presentation", "{E8EDB2CD-11EA-4FE4-86C3-523B9C6CAEEE}"
EndProject
Project("{2150E333-8FDC-42A3-9474-1A3956D46DE8}") = "2 - Application Service", "2 - Application Service", "{B3EB1921-7B00-4BC8-B3CA-57CAA723E8C3}"
EndProject
Project("{2150E333-8FDC-42A3-9474-1A3956D46DE8}") = "3  - Service", "3  - Service", "{BE320435-585E-4804-9FCA-68EF77C96EB8}"
EndProject
Project("{2150E333-8FDC-42A3-9474-1A3956D46DE8}") = "4 - Domain", "4 - Domain", "{61EC5245-C990-4B3A-A1BA-46E94C3FC464}"
EndProject
Project("{2150E333-8FDC-42A3-9474-1A3956D46DE8}") = "5 - Infrastructure", "5 - Infrastructure", "{FAD4FC0A-CD59-46C9-9AA9-B35D957834B4}"
EndProject
Project("{FAE04EC0-301F-11D3-BF4B-00C04F79EFBC}") = "HelloWorld.Core.ApplicationService", "..\HelloWorld.Core.ApplicationService\HelloWorld.Core.ApplicationService.csproj", "{9BE859BB-88E4-486A-9650-915B97EAA596}"
EndProject
Project("{FAE04EC0-301F-11D3-BF4B-00C04F79EFBC}") = "HelloWorld.Core.Service", "..\HelloWorld.Core.Service\HelloWorld.Core.Service.csproj", "{A8203267-129D-4351-9A09-117293C1FC0E}"
EndProject
Project("{FAE04EC0-301F-11D3-BF4B-00C04F79EFBC}") = "HelloWorld.Core.Domain", "..\HelloWorld.Core.Domain\HelloWorld.Core.Domain.csproj", "{7FD2A389-663C-4FF1-8C7A-95DA83E19EF5}"
EndProject
Project("{2150E333-8FDC-42A3-9474-1A3956D46DE8}") = "5.1 - Data", "5.1 - Data", "{9AFA5C7F-CD88-407D-A0B3-028BC175FC2C}"
EndProject
Project("{2150E333-8FDC-42A3-9474-1A3956D46DE8}") = "5.2 - CrossCutting", "5.2 - CrossCutting", "{A297980F-648F-4840-A339-3441F7C385AE}"
EndProject
Project("{FAE04EC0-301F-11D3-BF4B-00C04F79EFBC}") = "HelloWorld.Core.Infrastructure.Data", "..\HelloWorld.Core.Infrastructure.Data\HelloWorld.Core.Infrastructure.Data.csproj", "{3A9C076D-CD58-499C-9910-83E5266F8C6E}"
EndProject
Project("{FAE04EC0-301F-11D3-BF4B-00C04F79EFBC}") = "HelloWorld.Core.Infrastructure.CrossCutting.IoC", "..\HelloWorld.Core.Infrastructure.CrossCutting.IoC\HelloWorld.Core.Infrastructure.CrossCutting.IoC.csproj", "{BE930B16-BE61-4B9D-B318-275540EED6A1}"
EndProject
Global
	GlobalSection(SolutionConfigurationPlatforms) = preSolution
		Debug|Any CPU = Debug|Any CPU
		Release|Any CPU = Release|Any CPU
	EndGlobalSection
	GlobalSection(ProjectConfigurationPlatforms) = postSolution
		{6D808C33-0198-463A-B5E2-BF81BF9E0C70}.Debug|Any CPU.ActiveCfg = Debug|Any CPU
		{6D808C33-0198-463A-B5E2-BF81BF9E0C70}.Debug|Any CPU.Build.0 = Debug|Any CPU
		{6D808C33-0198-463A-B5E2-BF81BF9E0C70}.Release|Any CPU.ActiveCfg = Release|Any CPU
		{6D808C33-0198-463A-B5E2-BF81BF9E0C70}.Release|Any CPU.Build.0 = Release|Any CPU
		{9BE859BB-88E4-486A-9650-915B97EAA596}.Debug|Any CPU.ActiveCfg = Debug|Any CPU
		{9BE859BB-88E4-486A-9650-915B97EAA596}.Debug|Any CPU.Build.0 = Debug|Any CPU
		{9BE859BB-88E4-486A-9650-915B97EAA596}.Release|Any CPU.ActiveCfg = Release|Any CPU
		{9BE859BB-88E4-486A-9650-915B97EAA596}.Release|Any CPU.Build.0 = Release|Any CPU
		{A8203267-129D-4351-9A09-117293C1FC0E}.Debug|Any CPU.ActiveCfg = Debug|Any CPU
		{A8203267-129D-4351-9A09-117293C1FC0E}.Debug|Any CPU.Build.0 = Debug|Any CPU
		{A8203267-129D-4351-9A09-117293C1FC0E}.Release|Any CPU.ActiveCfg = Release|Any CPU
		{A8203267-129D-4351-9A09-117293C1FC0E}.Release|Any CPU.Build.0 = Release|Any CPU
		{7FD2A389-663C-4FF1-8C7A-95DA83E19EF5}.Debug|Any CPU.ActiveCfg = Debug|Any CPU
		{7FD2A389-663C-4FF1-8C7A-95DA83E19EF5}.Debug|Any CPU.Build.0 = Debug|Any CPU
		{7FD2A389-663C-4FF1-8C7A-95DA83E19EF5}.Release|Any CPU.ActiveCfg = Release|Any CPU
		{7FD2A389-663C-4FF1-8C7A-95DA83E19EF5}.Release|Any CPU.Build.0 = Release|Any CPU
		{3A9C076D-CD58-499C-9910-83E5266F8C6E}.Debug|Any CPU.ActiveCfg = Debug|Any CPU
		{3A9C076D-CD58-499C-9910-83E5266F8C6E}.Debug|Any CPU.Build.0 = Debug|Any CPU
		{3A9C076D-CD58-499C-9910-83E5266F8C6E}.Release|Any CPU.ActiveCfg = Release|Any CPU
		{3A9C076D-CD58-499C-9910-83E5266F8C6E}.Release|Any CPU.Build.0 = Release|Any CPU
		{BE930B16-BE61-4B9D-B318-275540EED6A1}.Debug|Any CPU.ActiveCfg = Debug|Any CPU
		{BE930B16-BE61-4B9D-B318-275540EED6A1}.Debug|Any CPU.Build.0 = Debug|Any CPU
		{BE930B16-BE61-4B9D-B318-275540EED6A1}.Release|Any CPU.ActiveCfg = Release|Any CPU
		{BE930B16-BE61-4B9D-B318-275540EED6A1}.Release|Any CPU.Build.0 = Release|Any CPU
	EndGlobalSection
	GlobalSection(SolutionProperties) = preSolution
		HideSolutionNode = FALSE
	EndGlobalSection
	GlobalSection(NestedProjects) = preSolution
		{6D808C33-0198-463A-B5E2-BF81BF9E0C70} = {E8EDB2CD-11EA-4FE4-86C3-523B9C6CAEEE}
		{E8EDB2CD-11EA-4FE4-86C3-523B9C6CAEEE} = {1DAACA0E-70FE-4F41-9506-9F6AD80B10E6}
		{B3EB1921-7B00-4BC8-B3CA-57CAA723E8C3} = {1DAACA0E-70FE-4F41-9506-9F6AD80B10E6}
		{BE320435-585E-4804-9FCA-68EF77C96EB8} = {1DAACA0E-70FE-4F41-9506-9F6AD80B10E6}
		{61EC5245-C990-4B3A-A1BA-46E94C3FC464} = {1DAACA0E-70FE-4F41-9506-9F6AD80B10E6}
		{FAD4FC0A-CD59-46C9-9AA9-B35D957834B4} = {1DAACA0E-70FE-4F41-9506-9F6AD80B10E6}
		{9BE859BB-88E4-486A-9650-915B97EAA596} = {B3EB1921-7B00-4BC8-B3CA-57CAA723E8C3}
		{A8203267-129D-4351-9A09-117293C1FC0E} = {BE320435-585E-4804-9FCA-68EF77C96EB8}
		{7FD2A389-663C-4FF1-8C7A-95DA83E19EF5} = {61EC5245-C990-4B3A-A1BA-46E94C3FC464}
		{9AFA5C7F-CD88-407D-A0B3-028BC175FC2C} = {FAD4FC0A-CD59-46C9-9AA9-B35D957834B4}
		{A297980F-648F-4840-A339-3441F7C385AE} = {FAD4FC0A-CD59-46C9-9AA9-B35D957834B4}
		{3A9C076D-CD58-499C-9910-83E5266F8C6E} = {9AFA5C7F-CD88-407D-A0B3-028BC175FC2C}
		{BE930B16-BE61-4B9D-B318-275540EED6A1} = {A297980F-648F-4840-A339-3441F7C385AE}
	EndGlobalSection
	GlobalSection(ExtensibilityGlobals) = postSolution
		SolutionGuid = {1CE7B4F6-0FB4-42D4-944F-949D6010DA5E}
	EndGlobalSection
EndGlobal
